
Microsoft Visual Studio Solution File, Format Version 12.00
# Visual Studio Version 17
VisualStudioVersion = 17.4.33403.182
MinimumVisualStudioVersion = 10.0.40219.1
Project("{FAE04EC0-301F-11D3-BF4B-00C04F79EFBC}") = "GameEngineProject", "GameEngineProject\GameEngineProject.csproj", "{D18A13B6-AACE-4FD4-991C-1C8C9BD69396}"
EndProject
Global
	GlobalSection(SolutionConfigurationPlatforms) = preSolution
		Debug|Any CPU = Debug|Any CPU
		Release|Any CPU = Release|Any CPU
	EndGlobalSection
	GlobalSection(ProjectConfigurationPlatforms) = postSolution
		{D18A13B6-AACE-4FD4-991C-1C8C9BD69396}.Debug|Any CPU.ActiveCfg = Debug|Any CPU
		{D18A13B6-AACE-4FD4-991C-1C8C9BD69396}.Debug|Any CPU.Build.0 = Debug|Any CPU
		{D18A13B6-AACE-4FD4-991C-1C8C9BD69396}.Release|Any CPU.ActiveCfg = Release|Any CPU
		{D18A13B6-AACE-4FD4-991C-1C8C9BD69396}.Release|Any CPU.Build.0 = Release|Any CPU
	EndGlobalSection
	GlobalSection(SolutionProperties) = preSolution
		HideSolutionNode = FALSE
	EndGlobalSection
	GlobalSection(ExtensibilityGlobals) = postSolution
		SolutionGuid = {FADB2A64-53DB-4326-A997-76808BCB5E81}
	EndGlobalSection
EndGlobal
